[[package]]
category = "main"
description = "An open-source, interactive data visualization library for Python"
name = "plotly"
optional = false
python-versions = "*"
version = "4.14.3"

[package.dependencies]
retrying = ">=1.3.3"
six = "*"

[[package]]
category = "main"
description = "Retrying"
name = "retrying"
optional = false
python-versions = "*"
version = "1.3.3"

[package.dependencies]
six = ">=1.7.0"

[[package]]
category = "main"
description = "Python 2 and 3 compatibility utilities"
name = "six"
optional = false
python-versions = ">=2.7, !=3.0.*, !=3.1.*, !=3.2.*"
version = "1.15.0"

[metadata]
content-hash = "a2e94977a0ec7bb2331ded2dea8fb62a0c8dd677209c2b0cb7be1f4a3876cb12"
python-versions = "^3.8"

[metadata.files]
plotly = [
    {file = "plotly-4.14.3-py2.py3-none-any.whl", hash = "sha256:d68fc15fcb49f88db27ab3e0c87110943e65fee02a47f33a8590f541b3042461"},
    {file = "plotly-4.14.3.tar.gz", hash = "sha256:7d8aaeed392e82fb8e0e48899f2d3d957b12327f9d38cdd5802bc574a8a39d91"},
]
retrying = [
    {file = "retrying-1.3.3.tar.gz", hash = "sha256:08c039560a6da2fe4f2c426d0766e284d3b736e355f8dd24b37367b0bb41973b"},
]
six = [
    {file = "six-1.15.0-py2.py3-none-any.whl", hash = "sha256:8b74bedcbbbaca38ff6d7491d76f2b06b3592611af620f8426e82dddb04a5ced"},
    {file = "six-1.15.0.tar.gz", hash = "sha256:30639c035cdb23534cd4aa2dd52c3bf48f06e5f4a941509c8bafd8ce11080259"},
]
